
Microsoft Visual Studio Solution File, Format Version 12.00
# Visual Studio Version 17
VisualStudioVersion = 17.4.33205.214
MinimumVisualStudioVersion = 10.0.40219.1
Project("{8BC9CEB8-8B4A-11D0-8D11-00A0C91BC942}") = "누구나 쉽게 즐기는 C 언어 콘서트_3장 Programming", "누구나 쉽게 즐기는 C 언어 콘서트_3장 Programming\누구나 쉽게 즐기는 C 언어 콘서트_3장 Programming.vcxproj", "{848E846C-C26B-4F3E-B290-C39A962BE89D}"
EndProject
Global
	GlobalSection(SolutionConfigurationPlatforms) = preSolution
		Debug|x64 = Debug|x64
		Debug|x86 = Debug|x86
		Release|x64 = Release|x64
		Release|x86 = Release|x86
	EndGlobalSection
	GlobalSection(ProjectConfigurationPlatforms) = postSolution
		{848E846C-C26B-4F3E-B290-C39A962BE89D}.Debug|x64.ActiveCfg = Debug|x64
		{848E846C-C26B-4F3E-B290-C39A962BE89D}.Debug|x64.Build.0 = Debug|x64
		{848E846C-C26B-4F3E-B290-C39A962BE89D}.Debug|x86.ActiveCfg = Debug|Win32
		{848E846C-C26B-4F3E-B290-C39A962BE89D}.Debug|x86.Build.0 = Debug|Win32
		{848E846C-C26B-4F3E-B290-C39A962BE89D}.Release|x64.ActiveCfg = Release|x64
		{848E846C-C26B-4F3E-B290-C39A962BE89D}.Release|x64.Build.0 = Release|x64
		{848E846C-C26B-4F3E-B290-C39A962BE89D}.Release|x86.ActiveCfg = Release|Win32
		{848E846C-C26B-4F3E-B290-C39A962BE89D}.Release|x86.Build.0 = Release|Win32
	EndGlobalSection
	GlobalSection(SolutionProperties) = preSolution
		HideSolutionNode = FALSE
	EndGlobalSection
	GlobalSection(ExtensibilityGlobals) = postSolution
		SolutionGuid = {C0568BA1-B613-4512-AC5D-F2B1FA205E59}
	EndGlobalSection
EndGlobal
