
Microsoft Visual Studio Solution File, Format Version 12.00
# Visual Studio Version 17
VisualStudioVersion = 17.4.33213.308
MinimumVisualStudioVersion = 10.0.40219.1
Project("{8BC9CEB8-8B4A-11D0-8D11-00A0C91BC942}") = "누구나 쉽게 즐기는 C 언어 콘서트_5장 Programming_10", "누구나 쉽게 즐기는 C 언어 콘서트_5장 Programming_10\누구나 쉽게 즐기는 C 언어 콘서트_5장 Programming_10.vcxproj", "{139972E8-D111-46BF-8490-29C640650049}"
EndProject
Global
	GlobalSection(SolutionConfigurationPlatforms) = preSolution
		Debug|x64 = Debug|x64
		Debug|x86 = Debug|x86
		Release|x64 = Release|x64
		Release|x86 = Release|x86
	EndGlobalSection
	GlobalSection(ProjectConfigurationPlatforms) = postSolution
		{139972E8-D111-46BF-8490-29C640650049}.Debug|x64.ActiveCfg = Debug|x64
		{139972E8-D111-46BF-8490-29C640650049}.Debug|x64.Build.0 = Debug|x64
		{139972E8-D111-46BF-8490-29C640650049}.Debug|x86.ActiveCfg = Debug|Win32
		{139972E8-D111-46BF-8490-29C640650049}.Debug|x86.Build.0 = Debug|Win32
		{139972E8-D111-46BF-8490-29C640650049}.Release|x64.ActiveCfg = Release|x64
		{139972E8-D111-46BF-8490-29C640650049}.Release|x64.Build.0 = Release|x64
		{139972E8-D111-46BF-8490-29C640650049}.Release|x86.ActiveCfg = Release|Win32
		{139972E8-D111-46BF-8490-29C640650049}.Release|x86.Build.0 = Release|Win32
	EndGlobalSection
	GlobalSection(SolutionProperties) = preSolution
		HideSolutionNode = FALSE
	EndGlobalSection
	GlobalSection(ExtensibilityGlobals) = postSolution
		SolutionGuid = {B6604D41-AC9A-4B92-ACBE-CEE1D2C4B2B3}
	EndGlobalSection
EndGlobal
