
Microsoft Visual Studio Solution File, Format Version 12.00
# Visual Studio Version 17
VisualStudioVersion = 17.4.33205.214
MinimumVisualStudioVersion = 10.0.40219.1
Project("{8BC9CEB8-8B4A-11D0-8D11-00A0C91BC942}") = "누구나 쉽게 즐기는 C 언어 콘서트_2장 Lab", "누구나 쉽게 즐기는 C 언어 콘서트_2장 Lab\누구나 쉽게 즐기는 C 언어 콘서트_2장 Lab.vcxproj", "{F3FDE994-4893-4DDC-A680-3BC93521CDBA}"
EndProject
Global
	GlobalSection(SolutionConfigurationPlatforms) = preSolution
		Debug|x64 = Debug|x64
		Debug|x86 = Debug|x86
		Release|x64 = Release|x64
		Release|x86 = Release|x86
	EndGlobalSection
	GlobalSection(ProjectConfigurationPlatforms) = postSolution
		{F3FDE994-4893-4DDC-A680-3BC93521CDBA}.Debug|x64.ActiveCfg = Debug|x64
		{F3FDE994-4893-4DDC-A680-3BC93521CDBA}.Debug|x64.Build.0 = Debug|x64
		{F3FDE994-4893-4DDC-A680-3BC93521CDBA}.Debug|x86.ActiveCfg = Debug|Win32
		{F3FDE994-4893-4DDC-A680-3BC93521CDBA}.Debug|x86.Build.0 = Debug|Win32
		{F3FDE994-4893-4DDC-A680-3BC93521CDBA}.Release|x64.ActiveCfg = Release|x64
		{F3FDE994-4893-4DDC-A680-3BC93521CDBA}.Release|x64.Build.0 = Release|x64
		{F3FDE994-4893-4DDC-A680-3BC93521CDBA}.Release|x86.ActiveCfg = Release|Win32
		{F3FDE994-4893-4DDC-A680-3BC93521CDBA}.Release|x86.Build.0 = Release|Win32
	EndGlobalSection
	GlobalSection(SolutionProperties) = preSolution
		HideSolutionNode = FALSE
	EndGlobalSection
	GlobalSection(ExtensibilityGlobals) = postSolution
		SolutionGuid = {D325B2E7-916A-4F9F-9D4A-F1569BE4207D}
	EndGlobalSection
EndGlobal
